// !$*UTF8*$!
{
	archiveVersion = 1;
	classes = {
	};
	objectVersion = 55;
	objects = {

/* Begin PBXBuildFile section */
		5F8DC0DA7F25639A4909F8EB /* Pods_VideoGamesApp.framework in Frameworks */ = {isa = PBXBuildFile; fileRef = 5F9F25578021F8275F6D2281 /* Pods_VideoGamesApp.framework */; };
		6E3F8C6F27D4D2ED00608075 /* TabBarController.swift in Sources */ = {isa = PBXBuildFile; fileRef = 6E3F8C6E27D4D2ED00608075 /* TabBarController.swift */; };
		6E4399C127D4C997007DFC52 /* AppDelegate.swift in Sources */ = {isa = PBXBuildFile; fileRef = 6E4399C027D4C997007DFC52 /* AppDelegate.swift */; };
		6E4399C327D4C997007DFC52 /* SceneDelegate.swift in Sources */ = {isa = PBXBuildFile; fileRef = 6E4399C227D4C997007DFC52 /* SceneDelegate.swift */; };
		6E4399C527D4C997007DFC52 /* ViewController.swift in Sources */ = {isa = PBXBuildFile; fileRef = 6E4399C427D4C997007DFC52 /* ViewController.swift */; };
		6E4399C827D4C997007DFC52 /* Main.storyboard in Resources */ = {isa = PBXBuildFile; fileRef = 6E4399C627D4C997007DFC52 /* Main.storyboard */; };
		6E4399CA27D4C999007DFC52 /* Assets.xcassets in Resources */ = {isa = PBXBuildFile; fileRef = 6E4399C927D4C999007DFC52 /* Assets.xcassets */; };
		6E4399CD27D4C999007DFC52 /* LaunchScreen.storyboard in Resources */ = {isa = PBXBuildFile; fileRef = 6E4399CB27D4C999007DFC52 /* LaunchScreen.storyboard */; };
		6E4399D627D4CA7E007DFC52 /* GameModel.swift in Sources */ = {isa = PBXBuildFile; fileRef = 6E4399D527D4CA7E007DFC52 /* GameModel.swift */; };
		6E4399D927D4CCFF007DFC52 /* GameListCollectionViewCell.swift in Sources */ = {isa = PBXBuildFile; fileRef = 6E4399D827D4CCFF007DFC52 /* GameListCollectionViewCell.swift */; };
		6E4399DB27D4CD7F007DFC52 /* LikedViewController.swift in Sources */ = {isa = PBXBuildFile; fileRef = 6E4399DA27D4CD7F007DFC52 /* LikedViewController.swift */; };
		6E4399DE27D4CDBB007DFC52 /* GameDetailsViewController.swift in Sources */ = {isa = PBXBuildFile; fileRef = 6E4399DD27D4CDBB007DFC52 /* GameDetailsViewController.swift */; };
/* End PBXBuildFile section */

/* Begin PBXFileReference section */
		30599CD251AB3B699419568E /* Pods-VideoGamesApp.debug.xcconfig */ = {isa = PBXFileReference; includeInIndex = 1; lastKnownFileType = text.xcconfig; name = "Pods-VideoGamesApp.debug.xcconfig"; path = "Target Support Files/Pods-VideoGamesApp/Pods-VideoGamesApp.debug.xcconfig"; sourceTree = "<group>"; };
		5F9F25578021F8275F6D2281 /* Pods_VideoGamesApp.framework */ = {isa = PBXFileReference; explicitFileType = wrapper.framework; includeInIndex = 0; path = Pods_VideoGamesApp.framework; sourceTree = BUILT_PRODUCTS_DIR; };
		6E3F8C6E27D4D2ED00608075 /* TabBarController.swift */ = {isa = PBXFileReference; lastKnownFileType = sourcecode.swift; path = TabBarController.swift; sourceTree = "<group>"; };
		6E4399BD27D4C997007DFC52 /* VideoGamesApp.app */ = {isa = PBXFileReference; explicitFileType = wrapper.application; includeInIndex = 0; path = VideoGamesApp.app; sourceTree = BUILT_PRODUCTS_DIR; };
		6E4399C027D4C997007DFC52 /* AppDelegate.swift */ = {isa = PBXFileReference; lastKnownFileType = sourcecode.swift; path = AppDelegate.swift; sourceTree = "<group>"; };
		6E4399C227D4C997007DFC52 /* SceneDelegate.swift */ = {isa = PBXFileReference; lastKnownFileType = sourcecode.swift; path = SceneDelegate.swift; sourceTree = "<group>"; };
		6E4399C427D4C997007DFC52 /* ViewController.swift */ = {isa = PBXFileReference; lastKnownFileType = sourcecode.swift; path = ViewController.swift; sourceTree = "<group>"; };
		6E4399C727D4C997007DFC52 /* Base */ = {isa = PBXFileReference; lastKnownFileType = file.storyboard; name = Base; path = Base.lproj/Main.storyboard; sourceTree = "<group>"; };
		6E4399C927D4C999007DFC52 /* Assets.xcassets */ = {isa = PBXFileReference; lastKnownFileType = folder.assetcatalog; path = Assets.xcassets; sourceTree = "<group>"; };
		6E4399CC27D4C999007DFC52 /* Base */ = {isa = PBXFileReference; lastKnownFileType = file.storyboard; name = Base; path = Base.lproj/LaunchScreen.storyboard; sourceTree = "<group>"; };
		6E4399CE27D4C999007DFC52 /* Info.plist */ = {isa = PBXFileReference; lastKnownFileType = text.plist.xml; path = Info.plist; sourceTree = "<group>"; };
		6E4399D527D4CA7E007DFC52 /* GameModel.swift */ = {isa = PBXFileReference; lastKnownFileType = sourcecode.swift; path = GameModel.swift; sourceTree = "<group>"; };
		6E4399D827D4CCFF007DFC52 /* GameListCollectionViewCell.swift */ = {isa = PBXFileReference; lastKnownFileType = sourcecode.swift; path = GameListCollectionViewCell.swift; sourceTree = "<group>"; };
		6E4399DA27D4CD7F007DFC52 /* LikedViewController.swift */ = {isa = PBXFileReference; lastKnownFileType = sourcecode.swift; path = LikedViewController.swift; sourceTree = "<group>"; };
		6E4399DD27D4CDBB007DFC52 /* GameDetailsViewController.swift */ = {isa = PBXFileReference; lastKnownFileType = sourcecode.swift; path = GameDetailsViewController.swift; sourceTree = "<group>"; };
		C5223B9BD2C1DF2F5388EB18 /* Pods-VideoGamesApp.release.xcconfig */ = {isa = PBXFileReference; includeInIndex = 1; lastKnownFileType = text.xcconfig; name = "Pods-VideoGamesApp.release.xcconfig"; path = "Target Support Files/Pods-VideoGamesApp/Pods-VideoGamesApp.release.xcconfig"; sourceTree = "<group>"; };
/* End PBXFileReference section */

/* Begin PBXFrameworksBuildPhase section */
		6E4399BA27D4C997007DFC52 /* Frameworks */ = {
			isa = PBXFrameworksBuildPhase;
			buildActionMask = 2147483647;
			files = (
				5F8DC0DA7F25639A4909F8EB /* Pods_VideoGamesApp.framework in Frameworks */,
			);
			runOnlyForDeploymentPostprocessing = 0;
		};
/* End PBXFrameworksBuildPhase section */

/* Begin PBXGroup section */
		572988E59756266F21DBA592 /* Pods */ = {
			isa = PBXGroup;
			children = (
				30599CD251AB3B699419568E /* Pods-VideoGamesApp.debug.xcconfig */,
				C5223B9BD2C1DF2F5388EB18 /* Pods-VideoGamesApp.release.xcconfig */,
			);
			name = Pods;
			path = Pods;
			sourceTree = "<group>";
		};
		6E4399B427D4C997007DFC52 = {
			isa = PBXGroup;
			children = (
				6E4399BF27D4C997007DFC52 /* VideoGamesApp */,
				6E4399BE27D4C997007DFC52 /* Products */,
				572988E59756266F21DBA592 /* Pods */,
				96E63955A54111E4AD48233A /* Frameworks */,
			);
			sourceTree = "<group>";
		};
		6E4399BE27D4C997007DFC52 /* Products */ = {
			isa = PBXGroup;
			children = (
				6E4399BD27D4C997007DFC52 /* VideoGamesApp.app */,
			);
			name = Products;
			sourceTree = "<group>";
		};
		6E4399BF27D4C997007DFC52 /* VideoGamesApp */ = {
			isa = PBXGroup;
			children = (
				6E4399DC27D4CD86007DFC52 /* Controller */,
				6E4399D727D4CADE007DFC52 /* Cell */,
				6E4399D427D4CA34007DFC52 /* Model */,
				6E4399C027D4C997007DFC52 /* AppDelegate.swift */,
				6E4399C227D4C997007DFC52 /* SceneDelegate.swift */,
				6E4399C627D4C997007DFC52 /* Main.storyboard */,
				6E4399C927D4C999007DFC52 /* Assets.xcassets */,
				6E4399CB27D4C999007DFC52 /* LaunchScreen.storyboard */,
				6E4399CE27D4C999007DFC52 /* Info.plist */,
			);
			path = VideoGamesApp;
			sourceTree = "<group>";
		};
		6E4399D427D4CA34007DFC52 /* Model */ = {
			isa = PBXGroup;
			children = (
				6E4399D527D4CA7E007DFC52 /* GameModel.swift */,
			);
			path = Model;
			sourceTree = "<group>";
		};
		6E4399D727D4CADE007DFC52 /* Cell */ = {
			isa = PBXGroup;
			children = (
				6E4399D827D4CCFF007DFC52 /* GameListCollectionViewCell.swift */,
			);
			path = Cell;
			sourceTree = "<group>";
		};
		6E4399DC27D4CD86007DFC52 /* Controller */ = {
			isa = PBXGroup;
			children = (
				6E4399C427D4C997007DFC52 /* ViewController.swift */,
				6E4399DA27D4CD7F007DFC52 /* LikedViewController.swift */,
				6E4399DD27D4CDBB007DFC52 /* GameDetailsViewController.swift */,
				6E3F8C6E27D4D2ED00608075 /* TabBarController.swift */,
			);
			path = Controller;
			sourceTree = "<group>";
		};
		96E63955A54111E4AD48233A /* Frameworks */ = {
			isa = PBXGroup;
			children = (
				5F9F25578021F8275F6D2281 /* Pods_VideoGamesApp.framework */,
			);
			name = Frameworks;
			sourceTree = "<group>";
		};
/* End PBXGroup section */

/* Begin PBXNativeTarget section */
		6E4399BC27D4C997007DFC52 /* VideoGamesApp */ = {
			isa = PBXNativeTarget;
			buildConfigurationList = 6E4399D127D4C999007DFC52 /* Build configuration list for PBXNativeTarget "VideoGamesApp" */;
			buildPhases = (
				D6A15B3634591659F3B25932 /* [CP] Check Pods Manifest.lock */,
				6E4399B927D4C997007DFC52 /* Sources */,
				6E4399BA27D4C997007DFC52 /* Frameworks */,
				6E4399BB27D4C997007DFC52 /* Resources */,
				FDDA9AA19BF98D3812A91AED /* [CP] Embed Pods Frameworks */,
			);
			buildRules = (
			);
			dependencies = (
			);
			name = VideoGamesApp;
			productName = VideoGamesApp;
			productReference = 6E4399BD27D4C997007DFC52 /* VideoGamesApp.app */;
			productType = "com.apple.product-type.application";
		};
/* End PBXNativeTarget section */

/* Begin PBXProject section */
		6E4399B527D4C997007DFC52 /* Project object */ = {
			isa = PBXProject;
			attributes = {
				BuildIndependentTargetsInParallel = 1;
				LastSwiftUpdateCheck = 1320;
				LastUpgradeCheck = 1320;
				TargetAttributes = {
					6E4399BC27D4C997007DFC52 = {
						CreatedOnToolsVersion = 13.2.1;
					};
				};
			};
			buildConfigurationList = 6E4399B827D4C997007DFC52 /* Build configuration list for PBXProject "VideoGamesApp" */;
			compatibilityVersion = "Xcode 13.0";
			developmentRegion = en;
			hasScannedForEncodings = 0;
			knownRegions = (
				en,
				Base,
			);
			mainGroup = 6E4399B427D4C997007DFC52;
			productRefGroup = 6E4399BE27D4C997007DFC52 /* Products */;
			projectDirPath = "";
			projectRoot = "";
			targets = (
				6E4399BC27D4C997007DFC52 /* VideoGamesApp */,
			);
		};
/* End PBXProject section */

/* Begin PBXResourcesBuildPhase section */
		6E4399BB27D4C997007DFC52 /* Resources */ = {
			isa = PBXResourcesBuildPhase;
			buildActionMask = 2147483647;
			files = (
				6E4399CD27D4C999007DFC52 /* LaunchScreen.storyboard in Resources */,
				6E4399CA27D4C999007DFC52 /* Assets.xcassets in Resources */,
				6E4399C827D4C997007DFC52 /* Main.storyboard in Resources */,
			);
			runOnlyForDeploymentPostprocessing = 0;
		};
/* End PBXResourcesBuildPhase section */

/* Begin PBXShellScriptBuildPhase section */
		D6A15B3634591659F3B25932 /* [CP] Check Pods Manifest.lock */ = {
			isa = PBXShellScriptBuildPhase;
			buildActionMask = 2147483647;
			files = (
			);
			inputFileListPaths = (
			);
			inputPaths = (
				"${PODS_PODFILE_DIR_PATH}/Podfile.lock",
				"${PODS_ROOT}/Manifest.lock",
			);
			name = "[CP] Check Pods Manifest.lock";
			outputFileListPaths = (
			);
			outputPaths = (
				"$(DERIVED_FILE_DIR)/Pods-VideoGamesApp-checkManifestLockResult.txt",
			);
			runOnlyForDeploymentPostprocessing = 0;
			shellPath = /bin/sh;
			shellScript = "diff \"${PODS_PODFILE_DIR_PATH}/Podfile.lock\" \"${PODS_ROOT}/Manifest.lock\" > /dev/null\nif [ $? != 0 ] ; then\n    # print error to STDERR\n    echo \"error: The sandbox is not in sync with the Podfile.lock. Run 'pod install' or update your CocoaPods installation.\" >&2\n    exit 1\nfi\n# This output is used by Xcode 'outputs' to avoid re-running this script phase.\necho \"SUCCESS\" > \"${SCRIPT_OUTPUT_FILE_0}\"\n";
			showEnvVarsInLog = 0;
		};
		FDDA9AA19BF98D3812A91AED /* [CP] Embed Pods Frameworks */ = {
			isa = PBXShellScriptBuildPhase;
			buildActionMask = 2147483647;
			files = (
			);
			inputFileListPaths = (
				"${PODS_ROOT}/Target Support Files/Pods-VideoGamesApp/Pods-VideoGamesApp-frameworks-${CONFIGURATION}-input-files.xcfilelist",
			);
			name = "[CP] Embed Pods Frameworks";
			outputFileListPaths = (
				"${PODS_ROOT}/Target Support Files/Pods-VideoGamesApp/Pods-VideoGamesApp-frameworks-${CONFIGURATION}-output-files.xcfilelist",
			);
			runOnlyForDeploymentPostprocessing = 0;
			shellPath = /bin/sh;
			shellScript = "\"${PODS_ROOT}/Target Support Files/Pods-VideoGamesApp/Pods-VideoGamesApp-frameworks.sh\"\n";
			showEnvVarsInLog = 0;
		};
/* End PBXShellScriptBuildPhase section */

/* Begin PBXSourcesBuildPhase section */
		6E4399B927D4C997007DFC52 /* Sources */ = {
			isa = PBXSourcesBuildPhase;
			buildActionMask = 2147483647;
			files = (
				6E4399C527D4C997007DFC52 /* ViewController.swift in Sources */,
				6E3F8C6F27D4D2ED00608075 /* TabBarController.swift in Sources */,
				6E4399DE27D4CDBB007DFC52 /* GameDetailsViewController.swift in Sources */,
				6E4399D927D4CCFF007DFC52 /* GameListCollectionViewCell.swift in Sources */,
				6E4399D627D4CA7E007DFC52 /* GameModel.swift in Sources */,
				6E4399C127D4C997007DFC52 /* AppDelegate.swift in Sources */,
				6E4399DB27D4CD7F007DFC52 /* LikedViewController.swift in Sources */,
				6E4399C327D4C997007DFC52 /* SceneDelegate.swift in Sources */,
			);
			runOnlyForDeploymentPostprocessing = 0;
		};
/* End PBXSourcesBuildPhase section */

/* Begin PBXVariantGroup section */
		6E4399C627D4C997007DFC52 /* Main.storyboard */ = {
			isa = PBXVariantGroup;
			children = (
				6E4399C727D4C997007DFC52 /* Base */,
			);
			name = Main.storyboard;
			sourceTree = "<group>";
		};
		6E4399CB27D4C999007DFC52 /* LaunchScreen.storyboard */ = {
			isa = PBXVariantGroup;
			children = (
				6E4399CC27D4C999007DFC52 /* Base */,
			);
			name = LaunchScreen.storyboard;
			sourceTree = "<group>";
		};
/* End PBXVariantGroup section */

/* Begin XCBuildConfiguration section */
		6E4399CF27D4C999007DFC52 /* Debug */ = {
			isa = XCBuildConfiguration;
			buildSettings = {
				ALWAYS_SEARCH_USER_PATHS = NO;
				CLANG_ANALYZER_NONNULL = YES;
				CLANG_ANALYZER_NUMBER_OBJECT_CONVERSION = YES_AGGRESSIVE;
				CLANG_CXX_LANGUAGE_STANDARD = "gnu++17";
				CLANG_CXX_LIBRARY = "libc++";
				CLANG_ENABLE_MODULES = YES;
				CLANG_ENABLE_OBJC_ARC = YES;
				CLANG_ENABLE_OBJC_WEAK = YES;
				CLANG_WARN_BLOCK_CAPTURE_AUTORELEASING = YES;
				CLANG_WARN_BOOL_CONVERSION = YES;
				CLANG_WARN_COMMA = YES;
				CLANG_WARN_CONSTANT_CONVERSION = YES;
				CLANG_WARN_DEPRECATED_OBJC_IMPLEMENTATIONS = YES;
				CLANG_WARN_DIRECT_OBJC_ISA_USAGE = YES_ERROR;
				CLANG_WARN_DOCUMENTATION_COMMENTS = YES;
				CLANG_WARN_EMPTY_BODY = YES;
				CLANG_WARN_ENUM_CONVERSION = YES;
				CLANG_WARN_INFINITE_RECURSION = YES;
				CLANG_WARN_INT_CONVERSION = YES;
				CLANG_WARN_NON_LITERAL_NULL_CONVERSION = YES;
				CLANG_WARN_OBJC_IMPLICIT_RETAIN_SELF = YES;
				CLANG_WARN_OBJC_LITERAL_CONVERSION = YES;
				CLANG_WARN_OBJC_ROOT_CLASS = YES_ERROR;
				CLANG_WARN_QUOTED_INCLUDE_IN_FRAMEWORK_HEADER = YES;
				CLANG_WARN_RANGE_LOOP_ANALYSIS = YES;
				CLANG_WARN_STRICT_PROTOTYPES = YES;
				CLANG_WARN_SUSPICIOUS_MOVE = YES;
				CLANG_WARN_UNGUARDED_AVAILABILITY = YES_AGGRESSIVE;
				CLANG_WARN_UNREACHABLE_CODE = YES;
				CLANG_WARN__DUPLICATE_METHOD_MATCH = YES;
				COPY_PHASE_STRIP = NO;
				DEBUG_INFORMATION_FORMAT = dwarf;
				ENABLE_STRICT_OBJC_MSGSEND = YES;
				ENABLE_TESTABILITY = YES;
				GCC_C_LANGUAGE_STANDARD = gnu11;
				GCC_DYNAMIC_NO_PIC = NO;
				GCC_NO_COMMON_BLOCKS = YES;
				GCC_OPTIMIZATION_LEVEL = 0;
				GCC_PREPROCESSOR_DEFINITIONS = (
					"DEBUG=1",
					"$(inherited)",
				);
				GCC_WARN_64_TO_32_BIT_CONVERSION = YES;
				GCC_WARN_ABOUT_RETURN_TYPE = YES_ERROR;
				GCC_WARN_UNDECLARED_SELECTOR = YES;
				GCC_WARN_UNINITIALIZED_AUTOS = YES_AGGRESSIVE;
				GCC_WARN_UNUSED_FUNCTION = YES;
				GCC_WARN_UNUSED_VARIABLE = YES;
				IPHONEOS_DEPLOYMENT_TARGET = 15.2;
				MTL_ENABLE_DEBUG_INFO = INCLUDE_SOURCE;
				MTL_FAST_MATH = YES;
				ONLY_ACTIVE_ARCH = YES;
				SDKROOT = iphoneos;
				SWIFT_ACTIVE_COMPILATION_CONDITIONS = DEBUG;
				SWIFT_OPTIMIZATION_LEVEL = "-Onone";
			};
			name = Debug;
		};
		6E4399D027D4C999007DFC52 /* Release */ = {
			isa = XCBuildConfiguration;
			buildSettings = {
				ALWAYS_SEARCH_USER_PATHS = NO;
				CLANG_ANALYZER_NONNULL = YES;
				CLANG_ANALYZER_NUMBER_OBJECT_CONVERSION = YES_AGGRESSIVE;
				CLANG_CXX_LANGUAGE_STANDARD = "gnu++17";
				CLANG_CXX_LIBRARY = "libc++";
				CLANG_ENABLE_MODULES = YES;
				CLANG_ENABLE_OBJC_ARC = YES;
				CLANG_ENABLE_OBJC_WEAK = YES;
				CLANG_WARN_BLOCK_CAPTURE_AUTORELEASING = YES;
				CLANG_WARN_BOOL_CONVERSION = YES;
				CLANG_WARN_COMMA = YES;
				CLANG_WARN_CONSTANT_CONVERSION = YES;
				CLANG_WARN_DEPRECATED_OBJC_IMPLEMENTATIONS = YES;
				CLANG_WARN_DIRECT_OBJC_ISA_USAGE = YES_ERROR;
				CLANG_WARN_DOCUMENTATION_COMMENTS = YES;
				CLANG_WARN_EMPTY_BODY = YES;
				CLANG_WARN_ENUM_CONVERSION = YES;
				CLANG_WARN_INFINITE_RECURSION = YES;
				CLANG_WARN_INT_CONVERSION = YES;
				CLANG_WARN_NON_LITERAL_NULL_CONVERSION = YES;
				CLANG_WARN_OBJC_IMPLICIT_RETAIN_SELF = YES;
				CLANG_WARN_OBJC_LITERAL_CONVERSION = YES;
				CLANG_WARN_OBJC_ROOT_CLASS = YES_ERROR;
				CLANG_WARN_QUOTED_INCLUDE_IN_FRAMEWORK_HEADER = YES;
				CLANG_WARN_RANGE_LOOP_ANALYSIS = YES;
				CLANG_WARN_STRICT_PROTOTYPES = YES;
				CLANG_WARN_SUSPICIOUS_MOVE = YES;
				CLANG_WARN_UNGUARDED_AVAILABILITY = YES_AGGRESSIVE;
				CLANG_WARN_UNREACHABLE_CODE = YES;
				CLANG_WARN__DUPLICATE_METHOD_MATCH = YES;
				COPY_PHASE_STRIP = NO;
				DEBUG_INFORMATION_FORMAT = "dwarf-with-dsym";
				ENABLE_NS_ASSERTIONS = NO;
				ENABLE_STRICT_OBJC_MSGSEND = YES;
				GCC_C_LANGUAGE_STANDARD = gnu11;
				GCC_NO_COMMON_BLOCKS = YES;
				GCC_WARN_64_TO_32_BIT_CONVERSION = YES;
				GCC_WARN_ABOUT_RETURN_TYPE = YES_ERROR;
				GCC_WARN_UNDECLARED_SELECTOR = YES;
				GCC_WARN_UNINITIALIZED_AUTOS = YES_AGGRESSIVE;
				GCC_WARN_UNUSED_FUNCTION = YES;
				GCC_WARN_UNUSED_VARIABLE = YES;
				IPHONEOS_DEPLOYMENT_TARGET = 15.2;
				MTL_ENABLE_DEBUG_INFO = NO;
				MTL_FAST_MATH = YES;
				SDKROOT = iphoneos;
				SWIFT_COMPILATION_MODE = wholemodule;
				SWIFT_OPTIMIZATION_LEVEL = "-O";
				VALIDATE_PRODUCT = YES;
			};
			name = Release;
		};
		6E4399D227D4C999007DFC52 /* Debug */ = {
			isa = XCBuildConfiguration;
			baseConfigurationReference = 30599CD251AB3B699419568E /* Pods-VideoGamesApp.debug.xcconfig */;
			buildSettings = {
				ASSETCATALOG_COMPILER_APPICON_NAME = AppIcon;
				ASSETCATALOG_COMPILER_GLOBAL_ACCENT_COLOR_NAME = AccentColor;
				CODE_SIGN_STYLE = Automatic;
				CURRENT_PROJECT_VERSION = 1;
				DEVELOPMENT_TEAM = V55T83765N;
				GENERATE_INFOPLIST_FILE = YES;
				INFOPLIST_FILE = VideoGamesApp/Info.plist;
				INFOPLIST_KEY_UIApplicationSupportsIndirectInputEvents = YES;
				INFOPLIST_KEY_UILaunchStoryboardName = LaunchScreen;
				INFOPLIST_KEY_UIMainStoryboardFile = Main;
				INFOPLIST_KEY_UISupportedInterfaceOrientations_iPad = "UIInterfaceOrientationPortrait UIInterfaceOrientationPortraitUpsideDown UIInterfaceOrientationLandscapeLeft UIInterfaceOrientationLandscapeRight";
				INFOPLIST_KEY_UISupportedInterfaceOrientations_iPhone = "UIInterfaceOrientationPortrait UIInterfaceOrientationLandscapeLeft UIInterfaceOrientationLandscapeRight";
				LD_RUNPATH_SEARCH_PATHS = (
					"$(inherited)",
					"@executable_path/Frameworks",
				);
				MARKETING_VERSION = 1.0;
				PRODUCT_BUNDLE_IDENTIFIER = com.sedatdalkiran.VideoGamesApp;
				PRODUCT_NAME = "$(TARGET_NAME)";
				SWIFT_EMIT_LOC_STRINGS = YES;
				SWIFT_VERSION = 5.0;
				TARGETED_DEVICE_FAMILY = "1,2";
			};
			name = Debug;
		};
		6E4399D327D4C999007DFC52 /* Release */ = {
			isa = XCBuildConfiguration;
			baseConfigurationReference = C5223B9BD2C1DF2F5388EB18 /* Pods-VideoGamesApp.release.xcconfig */;
			buildSettings = {
				ASSETCATALOG_COMPILER_APPICON_NAME = AppIcon;
				ASSETCATALOG_COMPILER_GLOBAL_ACCENT_COLOR_NAME = AccentColor;
				CODE_SIGN_STYLE = Automatic;
				CURRENT_PROJECT_VERSION = 1;
				DEVELOPMENT_TEAM = V55T83765N;
				GENERATE_INFOPLIST_FILE = YES;
				INFOPLIST_FILE = VideoGamesApp/Info.plist;
				INFOPLIST_KEY_UIApplicationSupportsIndirectInputEvents = YES;
				INFOPLIST_KEY_UILaunchStoryboardName = LaunchScreen;
				INFOPLIST_KEY_UIMainStoryboardFile = Main;
				INFOPLIST_KEY_UISupportedInterfaceOrientations_iPad = "UIInterfaceOrientationPortrait UIInterfaceOrientationPortraitUpsideDown UIInterfaceOrientationLandscapeLeft UIInterfaceOrientationLandscapeRight";
				INFOPLIST_KEY_UISupportedInterfaceOrientations_iPhone = "UIInterfaceOrientationPortrait UIInterfaceOrientationLandscapeLeft UIInterfaceOrientationLandscapeRight";
				LD_RUNPATH_SEARCH_PATHS = (
					"$(inherited)",
					"@executable_path/Frameworks",
				);
				MARKETING_VERSION = 1.0;
				PRODUCT_BUNDLE_IDENTIFIER = com.sedatdalkiran.VideoGamesApp;
				PRODUCT_NAME = "$(TARGET_NAME)";
				SWIFT_EMIT_LOC_STRINGS = YES;
				SWIFT_VERSION = 5.0;
				TARGETED_DEVICE_FAMILY = "1,2";
			};
			name = Release;
		};
/* End XCBuildConfiguration section */

/* Begin XCConfigurationList section */
		6E4399B827D4C997007DFC52 /* Build configuration list for PBXProject "VideoGamesApp" */ = {
			isa = XCConfigurationList;
			buildConfigurations = (
				6E4399CF27D4C999007DFC52 /* Debug */,
				6E4399D027D4C999007DFC52 /* Release */,
			);
			defaultConfigurationIsVisible = 0;
			defaultConfigurationName = Release;
		};
		6E4399D127D4C999007DFC52 /* Build configuration list for PBXNativeTarget "VideoGamesApp" */ = {
			isa = XCConfigurationList;
			buildConfigurations = (
				6E4399D227D4C999007DFC52 /* Debug */,
				6E4399D327D4C999007DFC52 /* Release */,
			);
			defaultConfigurationIsVisible = 0;
			defaultConfigurationName = Release;
		};
/* End XCConfigurationList section */
	};
	rootObject = 6E4399B527D4C997007DFC52 /* Project object */;
}
